
Microsoft Visual Studio Solution File, Format Version 12.00
# Visual Studio 2013
VisualStudioVersion = 12.0.40629.0
MinimumVisualStudioVersion = 10.0.40219.1
Project("{FAE04EC0-301F-11D3-BF4B-00C04F79EFBC}") = "prjCalculadora", "prjCalculadora\prjCalculadora.csproj", "{55F56438-7CC9-429E-AA92-2AE8426A29C6}"
EndProject
Global
	GlobalSection(SolutionConfigurationPlatforms) = preSolution
		Debug|Any CPU = Debug|Any CPU
		Release|Any CPU = Release|Any CPU
	EndGlobalSection
	GlobalSection(ProjectConfigurationPlatforms) = postSolution
		{55F56438-7CC9-429E-AA92-2AE8426A29C6}.Debug|Any CPU.ActiveCfg = Debug|Any CPU
		{55F56438-7CC9-429E-AA92-2AE8426A29C6}.Debug|Any CPU.Build.0 = Debug|Any CPU
		{55F56438-7CC9-429E-AA92-2AE8426A29C6}.Release|Any CPU.ActiveCfg = Release|Any CPU
		{55F56438-7CC9-429E-AA92-2AE8426A29C6}.Release|Any CPU.Build.0 = Release|Any CPU
	EndGlobalSection
	GlobalSection(SolutionProperties) = preSolution
		HideSolutionNode = FALSE
	EndGlobalSection
EndGlobal
