
Microsoft Visual Studio Solution File, Format Version 12.00
# Visual Studio 2013
VisualStudioVersion = 12.0.21005.1
MinimumVisualStudioVersion = 10.0.40219.1
Project("{FAE04EC0-301F-11D3-BF4B-00C04F79EFBC}") = "prjRelogio", "prjRelogio\prjRelogio.csproj", "{B5A8FDA2-67A9-4241-8112-93946112DE0C}"
EndProject
Global
	GlobalSection(SolutionConfigurationPlatforms) = preSolution
		Debug|Any CPU = Debug|Any CPU
		Release|Any CPU = Release|Any CPU
	EndGlobalSection
	GlobalSection(ProjectConfigurationPlatforms) = postSolution
		{B5A8FDA2-67A9-4241-8112-93946112DE0C}.Debug|Any CPU.ActiveCfg = Debug|Any CPU
		{B5A8FDA2-67A9-4241-8112-93946112DE0C}.Debug|Any CPU.Build.0 = Debug|Any CPU
		{B5A8FDA2-67A9-4241-8112-93946112DE0C}.Release|Any CPU.ActiveCfg = Release|Any CPU
		{B5A8FDA2-67A9-4241-8112-93946112DE0C}.Release|Any CPU.Build.0 = Release|Any CPU
	EndGlobalSection
	GlobalSection(SolutionProperties) = preSolution
		HideSolutionNode = FALSE
	EndGlobalSection
EndGlobal
